
Microsoft Visual Studio Solution File, Format Version 12.00
# Visual Studio Version 16
VisualStudioVersion = 16.0.31727.386
MinimumVisualStudioVersion = 10.0.40219.1
Project("{8BC9CEB8-8B4A-11D0-8D11-00A0C91BC942}") = "Klient", "Klient\Klient.vcxproj", "{AC289D1C-0A66-470F-9B76-5434A526F002}"
EndProject
Project("{8BC9CEB8-8B4A-11D0-8D11-00A0C91BC942}") = "Server", "Server\Server.vcxproj", "{0C3D9D1C-656D-45B2-B404-0C50DAB77432}"
EndProject
Global
	GlobalSection(SolutionConfigurationPlatforms) = preSolution
		Debug|x64 = Debug|x64
		Debug|x86 = Debug|x86
		Release|x64 = Release|x64
		Release|x86 = Release|x86
	EndGlobalSection
	GlobalSection(ProjectConfigurationPlatforms) = postSolution
		{AC289D1C-0A66-470F-9B76-5434A526F002}.Debug|x64.ActiveCfg = Debug|x64
		{AC289D1C-0A66-470F-9B76-5434A526F002}.Debug|x64.Build.0 = Debug|x64
		{AC289D1C-0A66-470F-9B76-5434A526F002}.Debug|x86.ActiveCfg = Debug|Win32
		{AC289D1C-0A66-470F-9B76-5434A526F002}.Debug|x86.Build.0 = Debug|Win32
		{AC289D1C-0A66-470F-9B76-5434A526F002}.Release|x64.ActiveCfg = Release|x64
		{AC289D1C-0A66-470F-9B76-5434A526F002}.Release|x64.Build.0 = Release|x64
		{AC289D1C-0A66-470F-9B76-5434A526F002}.Release|x86.ActiveCfg = Release|Win32
		{AC289D1C-0A66-470F-9B76-5434A526F002}.Release|x86.Build.0 = Release|Win32
		{0C3D9D1C-656D-45B2-B404-0C50DAB77432}.Debug|x64.ActiveCfg = Debug|x64
		{0C3D9D1C-656D-45B2-B404-0C50DAB77432}.Debug|x64.Build.0 = Debug|x64
		{0C3D9D1C-656D-45B2-B404-0C50DAB77432}.Debug|x86.ActiveCfg = Debug|Win32
		{0C3D9D1C-656D-45B2-B404-0C50DAB77432}.Debug|x86.Build.0 = Debug|Win32
		{0C3D9D1C-656D-45B2-B404-0C50DAB77432}.Release|x64.ActiveCfg = Release|x64
		{0C3D9D1C-656D-45B2-B404-0C50DAB77432}.Release|x64.Build.0 = Release|x64
		{0C3D9D1C-656D-45B2-B404-0C50DAB77432}.Release|x86.ActiveCfg = Release|Win32
		{0C3D9D1C-656D-45B2-B404-0C50DAB77432}.Release|x86.Build.0 = Release|Win32
	EndGlobalSection
	GlobalSection(SolutionProperties) = preSolution
		HideSolutionNode = FALSE
	EndGlobalSection
	GlobalSection(ExtensibilityGlobals) = postSolution
		SolutionGuid = {7FF779C5-DFEA-4A7C-82EC-668BA0FF1A46}
	EndGlobalSection
EndGlobal
